
Microsoft Visual Studio Solution File, Format Version 12.00
# Visual Studio Version 17
VisualStudioVersion = 17.10.35027.167
MinimumVisualStudioVersion = 10.0.40219.1
Project("{FAE04EC0-301F-11D3-BF4B-00C04F79EFBC}") = "IPressBans", "IPressBans\IPressBans.csproj", "{460933E9-7E04-44AD-ABB9-6662F6D05A6E}"
EndProject
Global
	GlobalSection(SolutionConfigurationPlatforms) = preSolution
		Debug|Any CPU = Debug|Any CPU
		Release|Any CPU = Release|Any CPU
	EndGlobalSection
	GlobalSection(ProjectConfigurationPlatforms) = postSolution
		{460933E9-7E04-44AD-ABB9-6662F6D05A6E}.Debug|Any CPU.ActiveCfg = Debug|Any CPU
		{460933E9-7E04-44AD-ABB9-6662F6D05A6E}.Debug|Any CPU.Build.0 = Debug|Any CPU
		{460933E9-7E04-44AD-ABB9-6662F6D05A6E}.Release|Any CPU.ActiveCfg = Release|Any CPU
		{460933E9-7E04-44AD-ABB9-6662F6D05A6E}.Release|Any CPU.Build.0 = Release|Any CPU
	EndGlobalSection
	GlobalSection(SolutionProperties) = preSolution
		HideSolutionNode = FALSE
	EndGlobalSection
	GlobalSection(ExtensibilityGlobals) = postSolution
		SolutionGuid = {B014E7BD-213B-4952-B344-769E378F0520}
	EndGlobalSection
EndGlobal
